{
  "name": "notes-authorizer",
  "version": "1.0.0",
  "lockfileVersion": 3,
  "requires": true,
  "packages": {
    "": {
      "name": "notes-authorizer",
      "version": "1.0.0",
      "dependencies": {
        "aws-jwt-verify": "^5.2.1"
      },
      "devDependencies": {
        "@types/aws-lambda": "^8.10.0",
        "typescript": "^5.0.0"
      }
    },
    "node_modules/@types/aws-lambda": {
      "version": "8.10.163",
      "resolved": "https://registry.npmjs.org/@types/aws-lambda/-/aws-lambda-8.10.163.tgz",
      "integrity": "sha512-+4zuoEB3S8RIhimtOFT7zAEk2SbpwrKjjGl9CyYnQR6k08uynxfauIIB0pDU1ssr05F8oyGiETwpn+8eXZMqPw==",
      "dev": true,
      "license": "MIT"
    },
    "node_modules/aws-jwt-verify": {
      "version": "5.2.1",
      "resolved": "https://registry.npmjs.org/aws-jwt-verify/-/aws-jwt-verify-5.2.1.tgz",
      "integrity": "sha512-J+buA4M+qvQDk58WXFBLkDodkEX3DDL1ac5XFQPW3opxAsaLXYu5hYnlSHsaBRDBUXBAn695kE/cw/mdyJKwJg==",
      "license": "Apache-2.0",
      "engines": {
        "node": ">=18.0.0"
      }
    },
    "node_modules/typescript": {
      "version": "5.9.3",
      "resolved": "https://registry.npmjs.org/typescript/-/typescript-5.9.3.tgz",
      "integrity": "sha512-jl1vZzPDinLr9eUt3J/t7V6FgNEw9QjvBPdysz9KfQDD41fQrC2Y4vKQdiaUpFT4bXlb1RHhLpp8wtm6M5TgSw==",
      "dev": true,
      "license": "Apache-2.0",
      "bin": {
        "tsc": "bin/tsc",
        "tsserver": "bin/tsserver"
      },
      "engines": {
        "node": ">=14.17"
      }
    }
  }
}
